
Microsoft Visual Studio Solution File, Format Version 12.00
# Visual Studio Version 17
VisualStudioVersion = 17.4.33122.133
MinimumVisualStudioVersion = 10.0.40219.1
Project("{FAE04EC0-301F-11D3-BF4B-00C04F79EFBC}") = "BillGeneratorDesktop", "BillGeneratorDesktop\BillGeneratorDesktop.csproj", "{3B2B5320-3022-42D6-8866-303FE8B53C30}"
EndProject
Global
	GlobalSection(SolutionConfigurationPlatforms) = preSolution
		Debug|Any CPU = Debug|Any CPU
		Release|Any CPU = Release|Any CPU
	EndGlobalSection
	GlobalSection(ProjectConfigurationPlatforms) = postSolution
		{3B2B5320-3022-42D6-8866-303FE8B53C30}.Debug|Any CPU.ActiveCfg = Debug|Any CPU
		{3B2B5320-3022-42D6-8866-303FE8B53C30}.Debug|Any CPU.Build.0 = Debug|Any CPU
		{3B2B5320-3022-42D6-8866-303FE8B53C30}.Release|Any CPU.ActiveCfg = Release|Any CPU
		{3B2B5320-3022-42D6-8866-303FE8B53C30}.Release|Any CPU.Build.0 = Release|Any CPU
	EndGlobalSection
	GlobalSection(SolutionProperties) = preSolution
		HideSolutionNode = FALSE
	EndGlobalSection
	GlobalSection(ExtensibilityGlobals) = postSolution
		SolutionGuid = {68220A60-14F5-4AA7-B940-422ACE3CDE78}
	EndGlobalSection
EndGlobal
